<?xml version="1.0" encoding="utf-8"?>
<Project ToolsVersion="4.0" xmlns="http://schemas.microsoft.com/developer/msbuild/2003">
  <ItemGroup>
    <ClCompile Include="Source\AudioEngine.cpp">
      <Filter>Source FIles\Other</Filter>
    </ClCompile>
    <ClCompile Include="Source\BaseSystem.cpp">
      <Filter>Source FIles\Engine</Filter>
    </ClCompile>
    <ClCompile Include="Source\Behavior.cpp">
      <Filter>Source FIles\Objects\Components</Filter>
    </ClCompile>
    <ClCompile Include="Source\BehaviorPlayer.cpp">
      <Filter>Source FIles\Objects\Components\Sub Components</Filter>
    </ClCompile>
    <ClCompile Include="Source\Collider.cpp">
      <Filter>Source FIles\Objects\Components\Sub Components</Filter>
    </ClCompile>
    <ClCompile Include="Source\ColliderAABB.cpp">
      <Filter>Source FIles\Objects\Components\Sub Components</Filter>
    </ClCompile>
    <ClCompile Include="Source\Collision.cpp">
      <Filter>Source FIles\Objects\Components</Filter>
    </ClCompile>
    <ClCompile Include="Source\Color.cpp">
      <Filter>Source FIles\Graphics</Filter>
    </ClCompile>
    <ClCompile Include="Source\Component.cpp">
      <Filter>Source FIles\Objects\Components</Filter>
    </ClCompile>
    <ClCompile Include="Source\ComponentFactory.cpp">
      <Filter>Source FIles\Engine\Systems</Filter>
    </ClCompile>
    <ClCompile Include="Source\Engine.cpp">
      <Filter>Source FIles\Engine</Filter>
    </ClCompile>
    <ClCompile Include="Source\EntityFactory.cpp">
      <Filter>Source FIles\Engine\Systems</Filter>
    </ClCompile>
    <ClCompile Include="Source\FileIO.cpp">
      <Filter>Source FIles\Other</Filter>
    </ClCompile>
    <ClCompile Include="Source\ImageBuffer.cpp">
      <Filter>Source FIles\Graphics</Filter>
    </ClCompile>
    <ClCompile Include="IMGUI\imgui.cpp">
      <Filter>Source FIles\Debug\IMGUI</Filter>
    </ClCompile>
    <ClCompile Include="IMGUI\imgui_demo.cpp">
      <Filter>Source FIles\Debug\IMGUI</Filter>
    </ClCompile>
    <ClCompile Include="IMGUI\imgui_draw.cpp">
      <Filter>Source FIles\Debug\IMGUI</Filter>
    </ClCompile>
    <ClCompile Include="IMGUI\imgui_impl_opengl3.cpp">
      <Filter>Source FIles\Debug\IMGUI</Filter>
    </ClCompile>
    <ClCompile Include="IMGUI\imgui_impl_sdl2.cpp">
      <Filter>Source FIles\Debug\IMGUI</Filter>
    </ClCompile>
    <ClCompile Include="IMGUI\imgui_tables.cpp">
      <Filter>Source FIles\Debug\IMGUI</Filter>
    </ClCompile>
    <ClCompile Include="IMGUI\imgui_widgets.cpp">
      <Filter>Source FIles\Debug\IMGUI</Filter>
    </ClCompile>
    <ClCompile Include="Source\Inputs.cpp">
      <Filter>Source FIles\Objects\Components\Sub Components</Filter>
    </ClCompile>
    <ClCompile Include="Source\LaserSystem.cpp">
      <Filter>Source FIles\Engine\Systems</Filter>
    </ClCompile>
    <ClCompile Include="Source\LevelBuilder.cpp">
      <Filter>Source FIles\Engine\Systems</Filter>
    </ClCompile>
    <ClCompile Include="Source\Light.cpp">
      <Filter>Source FIles\Graphics</Filter>
    </ClCompile>
    <ClCompile Include="Source\Logging.cpp">
      <Filter>Source FIles\Debug</Filter>
    </ClCompile>
    <ClCompile Include="Source\Main.cpp">
      <Filter>Source FIles\Engine</Filter>
    </ClCompile>
    <ClCompile Include="Source\Math.cpp">
      <Filter>Source FIles\Other</Filter>
    </ClCompile>
    <ClCompile Include="Source\Matrix.cpp">
      <Filter>Source FIles\Other</Filter>
    </ClCompile>
    <ClCompile Include="Source\Observer.cpp">
      <Filter>Source FIles\Engine</Filter>
    </ClCompile>
    <ClCompile Include="Source\Particle.cpp">
      <Filter>Source FIles\Graphics</Filter>
    </ClCompile>
    <ClCompile Include="Source\ParticleManager.cpp">
      <Filter>Source FIles\Engine\Systems</Filter>
    </ClCompile>
    <ClCompile Include="Source\Physics.cpp">
      <Filter>Source FIles\Objects\Components</Filter>
    </ClCompile>
    <ClCompile Include="Source\Renderer.cpp">
      <Filter>Source FIles\Graphics</Filter>
    </ClCompile>
    <ClCompile Include="Source\PlatformSystem.cpp">
      <Filter>Source FIles\Engine\Systems</Filter>
    </ClCompile>
    <ClCompile Include="Source\Scene.cpp">
      <Filter>Source FIles\Scenes</Filter>
    </ClCompile>
    <ClCompile Include="Source\SceneSystem.cpp">
      <Filter>Source FIles\Engine\Systems</Filter>
    </ClCompile>
    <ClCompile Include="Source\StubScene.cpp">
      <Filter>Source FIles\Scenes</Filter>
    </ClCompile>
    <ClCompile Include="Source\Subject.cpp">
      <Filter>Source FIles\Engine</Filter>
    </ClCompile>
    <ClCompile Include="Source\TbdTestScene.cpp">
      <Filter>Source FIles\Scenes</Filter>
    </ClCompile>
    <ClCompile Include="Source\TestScene.cpp">
      <Filter>Source FIles\Scenes</Filter>
    </ClCompile>
    <ClCompile Include="Source\Time.cpp">
      <Filter>Source FIles\Other</Filter>
    </ClCompile>
    <ClCompile Include="Source\Vector.cpp">
      <Filter>Source FIles\Other</Filter>
    </ClCompile>
    <ClCompile Include="Source\Transform.cpp">
      <Filter>Source FIles\Objects\Components</Filter>
    </ClCompile>
    <ClCompile Include="Source\glad.c">
      <Filter>Misc</Filter>
    </ClCompile>
    <ClCompile Include="Source\BehaviorSwitch.cpp">
      <Filter>Source FIles\Objects\Components\Sub Components</Filter>
    </ClCompile>
    <ClCompile Include="Source\BehaviorDoor.cpp">
      <Filter>Source FIles\Objects\Components\Sub Components</Filter>
    </ClCompile>
    <ClCompile Include="Source\WinScene.cpp">
      <Filter>Source FIles\Scenes</Filter>
    </ClCompile>
    <ClCompile Include="Source\BehaviorMirror.cpp">
      <Filter>Source FIles\Objects\Components\Sub Components</Filter>
    </ClCompile>
    <ClCompile Include="Source\PauseMenu.cpp">
      <Filter>Source FIles\Scenes</Filter>
    </ClCompile>
    <ClCompile Include="Source\FontSystem.cpp">
      <Filter>Source FIles\Other</Filter>
    </ClCompile>
    <ClCompile Include="Source\FrameRate.cpp">
      <Filter>Source FIles\Other</Filter>
    </ClCompile>
    <ClCompile Include="Source\PauseMenu.cpp">
      <Filter>Source FIles\Graphics</Filter>
    </ClCompile>
    <ClCompile Include="Source\EntityContainer.cpp">
      <Filter>Source FIles\Engine\Systems</Filter>
    </ClCompile>
    <ClCompile Include="Source\Sprite.cpp">
      <Filter>Source FIles\Objects\Components</Filter>
    </ClCompile>
    <ClCompile Include="Source\Entity.cpp">
      <Filter>Source FIles\Objects\Components</Filter>
    </ClCompile>
    <ClCompile Include="Source\LevelCreatorScene.cpp">
      <Filter>Source FIles\Scenes</Filter>
    </ClCompile>
    <ClCompile Include="Source\ImguiFunctions.cpp">
      <Filter>Source FIles\Debug\IMGUI</Filter>
    </ClCompile>
  </ItemGroup>
  <ItemGroup>
    <ClInclude Include="Source\AudioEngine.h">
      <Filter>Header FIles\Other</Filter>
    </ClInclude>
    <ClInclude Include="Source\BaseSystem.h">
      <Filter>Header FIles\Engine</Filter>
    </ClInclude>
    <ClInclude Include="Source\Behavior.h">
      <Filter>Header FIles\Objects\Components</Filter>
    </ClInclude>
    <ClInclude Include="Source\BehaviorPlayer.h">
      <Filter>Header FIles\Objects\Components\SubComponents</Filter>
    </ClInclude>
    <ClInclude Include="Source\Collider.h">
      <Filter>Header FIles\Objects\Components\SubComponents</Filter>
    </ClInclude>
    <ClInclude Include="Source\ColliderAABB.h">
      <Filter>Header FIles\Objects\Components\SubComponents</Filter>
    </ClInclude>
    <ClInclude Include="Source\Collision.h">
      <Filter>Header FIles\Objects\Components</Filter>
    </ClInclude>
    <ClInclude Include="Source\Color.h">
      <Filter>Header FIles\Graphics</Filter>
    </ClInclude>
    <ClInclude Include="Source\Component.h">
      <Filter>Header FIles\Objects\Components</Filter>
    </ClInclude>
    <ClInclude Include="Source\ComponentFactory.h">
      <Filter>Header FIles\Engine\Systems</Filter>
    </ClInclude>
    <ClInclude Include="Source\Engine.h">
      <Filter>Header FIles\Engine</Filter>
    </ClInclude>
    <ClInclude Include="Source\EntityFactory.h">
      <Filter>Header FIles\Engine\Systems</Filter>
    </ClInclude>
    <ClInclude Include="Source\Event.h">
      <Filter>Header FIles\Engine</Filter>
    </ClInclude>
    <ClInclude Include="Source\FileIO.h">
      <Filter>Header FIles\Other</Filter>
    </ClInclude>
    <ClInclude Include="Source\framework.h">
      <Filter>Header FIles\Engine</Filter>
    </ClInclude>
    <ClInclude Include="Source\ImageBuffer.h">
      <Filter>Header FIles\Graphics</Filter>
    </ClInclude>
    <ClInclude Include="IMGUI\imgui.h">
      <Filter>Header FIles\Debug\IMGUI</Filter>
    </ClInclude>
    <ClInclude Include="IMGUI\imgui_impl_opengl3.h">
      <Filter>Header FIles\Debug\IMGUI</Filter>
    </ClInclude>
    <ClInclude Include="IMGUI\imgui_impl_opengl3_loader.h">
      <Filter>Header FIles\Debug\IMGUI</Filter>
    </ClInclude>
    <ClInclude Include="IMGUI\imgui_impl_sdl2.h">
      <Filter>Header FIles\Debug\IMGUI</Filter>
    </ClInclude>
    <ClInclude Include="IMGUI\imgui_internal.h">
      <Filter>Header FIles\Debug\IMGUI</Filter>
    </ClInclude>
    <ClInclude Include="IMGUI\imstb_rectpack.h">
      <Filter>Header FIles\Debug\IMGUI</Filter>
    </ClInclude>
    <ClInclude Include="IMGUI\imstb_textedit.h">
      <Filter>Header FIles\Debug\IMGUI</Filter>
    </ClInclude>
    <ClInclude Include="IMGUI\imstb_truetype.h">
      <Filter>Header FIles\Debug\IMGUI</Filter>
    </ClInclude>
    <ClInclude Include="Source\Inputs.h">
      <Filter>Header FIles\Objects\Components\SubComponents</Filter>
    </ClInclude>
    <ClInclude Include="Source\LaserSystem.h">
      <Filter>Header FIles\Engine\Systems</Filter>
    </ClInclude>
    <ClInclude Include="Source\LevelBuilder.h">
      <Filter>Header FIles\Engine\Systems</Filter>
    </ClInclude>
    <ClInclude Include="Source\Light.h">
      <Filter>Header FIles\Graphics</Filter>
    </ClInclude>
    <ClInclude Include="Source\Logging.h">
      <Filter>Header FIles\Debug</Filter>
    </ClInclude>
    <ClInclude Include="Source\IMGUI\imconfig.h">
      <Filter>Header FIles\Debug\IMGUI</Filter>
    </ClInclude>
    <ClInclude Include="Maths\Math.h">
      <Filter>Header FIles\Other</Filter>
    </ClInclude>
    <ClInclude Include="Source\Main.h">
      <Filter>Header FIles\Engine</Filter>
    </ClInclude>
    <ClInclude Include="Maths\Math_Header.h">
      <Filter>Header FIles\Other</Filter>
    </ClInclude>
    <ClInclude Include="Source\Matrix.h">
      <Filter>Header FIles\Other</Filter>
    </ClInclude>
    <ClInclude Include="Source\Observer.h">
      <Filter>Header FIles\Engine</Filter>
    </ClInclude>
    <ClInclude Include="Source\Particle.h">
      <Filter>Header FIles\Graphics</Filter>
    </ClInclude>
    <ClInclude Include="Source\ParticleManager.h">
      <Filter>Header FIles\Engine\Systems</Filter>
    </ClInclude>
    <ClInclude Include="Source\Physics.h">
      <Filter>Header FIles\Objects\Components</Filter>
    </ClInclude>
    <ClInclude Include="Source\PlatformSystem.h">
      <Filter>Header FIles\Engine\Systems</Filter>
    </ClInclude>
    <ClInclude Include="Source\Renderer.h">
      <Filter>Header FIles\Graphics</Filter>
    </ClInclude>
    <ClInclude Include="Source\Scene.h">
      <Filter>Header FIles\Scenes</Filter>
    </ClInclude>
    <ClInclude Include="Source\SceneSystem.h">
      <Filter>Header FIles\Engine\Systems</Filter>
    </ClInclude>
    <ClInclude Include="Source\ScopeTimer.h">
      <Filter>Header FIles\Other</Filter>
    </ClInclude>
    <ClInclude Include="Source\StubScene.h">
      <Filter>Header FIles\Scenes</Filter>
    </ClInclude>
    <ClInclude Include="Source\Subject.h">
      <Filter>Header FIles\Engine</Filter>
    </ClInclude>
    <ClInclude Include="Source\Transform.h">
      <Filter>Header FIles\Objects\Components</Filter>
    </ClInclude>
    <ClInclude Include="Maths\Vector.h">
      <Filter>Header FIles\Other</Filter>
    </ClInclude>
    <ClInclude Include="Source\Time.h">
      <Filter>Header FIles\Other</Filter>
    </ClInclude>
    <ClInclude Include="Source\TestScene.h">
      <Filter>Header FIles\Scenes</Filter>
    </ClInclude>
    <ClInclude Include="Source\TbdTestScene.h">
      <Filter>Header FIles\Scenes</Filter>
    </ClInclude>
    <ClInclude Include="Source\Resource.h">
      <Filter>Header FIles\Engine</Filter>
    </ClInclude>
    <ClInclude Include="includes\glfw\glfw3.h">
      <Filter>Misc</Filter>
    </ClInclude>
    <ClInclude Include="Source\targetver.h">
      <Filter>Misc</Filter>
    </ClInclude>
    <ClInclude Include="Source\BehaviorSwitch.h">
      <Filter>Header FIles\Objects\Components\SubComponents</Filter>
    </ClInclude>
    <ClInclude Include="Source\BehaviorDoor.h">
      <Filter>Header FIles\Objects\Components\SubComponents</Filter>
    </ClInclude>
    <ClInclude Include="Source\WinScene.h">
      <Filter>Header FIles\Scenes</Filter>
    </ClInclude>
    <ClInclude Include="Source\BehaviorMirror.h">
      <Filter>Header FIles\Objects\Components\SubComponents</Filter>
    </ClInclude>
    <ClInclude Include="Source\Sprite.h">
      <Filter>Header FIles\Graphics</Filter>
    </ClInclude>
    <ClInclude Include="Source\PauseMenu.h">
      <Filter>Header FIles\Graphics</Filter>
    </ClInclude>
    <ClInclude Include="Source\DebugNew.h">
      <Filter>Header FIles\Debug</Filter>
    </ClInclude>
    <ClInclude Include="Source\FontSystem.h">
      <Filter>Header FIles\Other</Filter>
    </ClInclude>
    <ClInclude Include="Source\FrameRate.h">
      <Filter>Header FIles\Other</Filter>
    </ClInclude>
    <ClInclude Include="Source\PauseMenu.h">
      <Filter>Header FIles\Graphics</Filter>
    </ClInclude>
    <ClInclude Include="Source\Entity.h">
      <Filter>Header FIles</Filter>
    </ClInclude>
    <ClInclude Include="Source\EntityContainer.h">
      <Filter>Header FIles\Engine\Systems</Filter>
    </ClInclude>
    <ClInclude Include="Source\LevelCreatorScene.h">
      <Filter>Header FIles\Scenes</Filter>
    </ClInclude>
    <ClInclude Include="Source\ImguiFunction.h">
      <Filter>Header FIles\Debug\IMGUI</Filter>
    </ClInclude>
  </ItemGroup>
  <ItemGroup>
    <Image Include="GameProject.ico">
      <Filter>Misc</Filter>
    </Image>
    <Image Include="small.ico">
      <Filter>Misc</Filter>
    </Image>
  </ItemGroup>
  <ItemGroup>
    <None Include="Data\Tbd_TestLevel.json">
      <Filter>JSON</Filter>
    </None>
    <None Include="Data\TileMapSprites.json">
      <Filter>JSON</Filter>
    </None>
    <None Include="Data\FirstLevel.json">
      <Filter>JSON</Filter>
    </None>
    <None Include="Data\ScutSample(ALT).json" />
    <None Include="Data\Lights\PlayerDirectionalLight.json">
      <Filter>JSON\PlayerInfo</Filter>
    </None>
    <None Include="Data\Lights\PlayerDomeLight.json">
      <Filter>JSON\PlayerInfo</Filter>
    </None>
    <None Include="Data\TiledMichaelSceneTest.json" />
    <None Include="Data\TileMaps\TiledLevelMap.json" />
  </ItemGroup>
  <ItemGroup>
    <Filter Include="Header FIles">
      <UniqueIdentifier>{e658c1cd-b76d-4b3c-bd32-6f6e474f6712}</UniqueIdentifier>
    </Filter>
    <Filter Include="Source FIles">
      <UniqueIdentifier>{1e81ce69-1e70-4c2c-bbda-b092a81c4a19}</UniqueIdentifier>
    </Filter>
    <Filter Include="Source FIles\Engine">
      <UniqueIdentifier>{92360ee6-3909-49ee-899f-1a120dd4d468}</UniqueIdentifier>
    </Filter>
    <Filter Include="Source FIles\Graphics">
      <UniqueIdentifier>{86a8d41a-e312-4adb-96a2-cf27148e7447}</UniqueIdentifier>
    </Filter>
    <Filter Include="Source FIles\Other">
      <UniqueIdentifier>{67adfd13-8595-412a-9279-29aebf8b80c7}</UniqueIdentifier>
    </Filter>
    <Filter Include="Source FIles\Engine\Systems">
      <UniqueIdentifier>{3a4681fe-7830-4fac-b66a-b6c7f717fd60}</UniqueIdentifier>
    </Filter>
    <Filter Include="Source FIles\Debug">
      <UniqueIdentifier>{91e61526-4c23-4444-985a-1df41efc6fb2}</UniqueIdentifier>
    </Filter>
    <Filter Include="Source FIles\Debug\IMGUI">
      <UniqueIdentifier>{97fd30fb-d35a-41e3-8ffb-b1f5a922b860}</UniqueIdentifier>
    </Filter>
    <Filter Include="Source FIles\Scenes">
      <UniqueIdentifier>{73029d9d-2b71-4328-b8b4-b4858bb8d8c3}</UniqueIdentifier>
    </Filter>
    <Filter Include="Header FIles\Engine">
      <UniqueIdentifier>{a381c9b6-925c-46b2-84b2-99b71f037935}</UniqueIdentifier>
    </Filter>
    <Filter Include="Header FIles\Engine\Systems">
      <UniqueIdentifier>{ad1c4456-e175-4b32-a83d-61fc641202aa}</UniqueIdentifier>
    </Filter>
    <Filter Include="Header FIles\Graphics">
      <UniqueIdentifier>{9ba2d1d8-df33-483f-b64b-d8907a8917dd}</UniqueIdentifier>
    </Filter>
    <Filter Include="Header FIles\Other">
      <UniqueIdentifier>{a01094ca-3b8b-4689-8f2c-c71609610310}</UniqueIdentifier>
    </Filter>
    <Filter Include="Header FIles\Debug">
      <UniqueIdentifier>{ecc7b1ee-3995-4863-833d-d808f6f0579c}</UniqueIdentifier>
    </Filter>
    <Filter Include="Header FIles\Debug\IMGUI">
      <UniqueIdentifier>{9e0547e2-503e-4db9-b99b-b9ecf19657e2}</UniqueIdentifier>
    </Filter>
    <Filter Include="Header FIles\Scenes">
      <UniqueIdentifier>{4c268037-aea2-4ac0-8398-1e5b41868baa}</UniqueIdentifier>
    </Filter>
    <Filter Include="JSON">
      <UniqueIdentifier>{cf2db7ae-2cf2-4fab-9aaf-779fb0e07f6c}</UniqueIdentifier>
    </Filter>
    <Filter Include="Misc">
      <UniqueIdentifier>{2ffef8f6-b2f1-4463-89d0-1b2a001c38ef}</UniqueIdentifier>
    </Filter>
    <Filter Include="JSON\PlayerInfo">
      <UniqueIdentifier>{08dc41b4-6903-4de6-8280-c2b717b0869f}</UniqueIdentifier>
    </Filter>
    <Filter Include="Source FIles\Objects">
      <UniqueIdentifier>{9d2303e3-307c-4c47-976b-43bdd3062079}</UniqueIdentifier>
    </Filter>
    <Filter Include="Header FIles\Objects">
      <UniqueIdentifier>{f151f551-13ab-4f39-b1d5-950231f39b99}</UniqueIdentifier>
    </Filter>
    <Filter Include="Source FIles\Objects\Components">
      <UniqueIdentifier>{a1fb3ca0-ba95-4aaf-92db-61cb5df28aa1}</UniqueIdentifier>
    </Filter>
    <Filter Include="Source FIles\Objects\Components\Sub Components">
      <UniqueIdentifier>{509c5c30-911b-4606-802e-10c718b049e8}</UniqueIdentifier>
    </Filter>
    <Filter Include="Header FIles\Objects\Components">
      <UniqueIdentifier>{f8a86454-b5ec-4ade-96c8-3e27ac807661}</UniqueIdentifier>
    </Filter>
    <Filter Include="Header FIles\Objects\Components\SubComponents">
      <UniqueIdentifier>{1645cc6e-b343-4df9-a18b-30710904e527}</UniqueIdentifier>
    </Filter>
  </ItemGroup>
  <ItemGroup>
    <ResourceCompile Include="GameProject.rc">
      <Filter>Misc</Filter>
    </ResourceCompile>
  </ItemGroup>
  <ItemGroup>
    <Library Include="glfw3.lib">
      <Filter>Misc</Filter>
    </Library>
  </ItemGroup>
</Project>